
Microsoft Visual Studio Solution File, Format Version 12.00
# Visual Studio Version 17
VisualStudioVersion = 17.0.31903.59
MinimumVisualStudioVersion = 10.0.40219.1
Project("{2150E333-8FDC-42A3-9474-1A3956D46DE8}") = "src", "src", "{827E0CD3-B72D-47B6-A68D-7590B98EB39B}"
EndProject
Project("{2150E333-8FDC-42A3-9474-1A3956D46DE8}") = "Core", "Core", "{8D626EA8-CB54-BC41-363A-217881BEBA6E}"
EndProject
Project("{FAE04EC0-301F-11D3-BF4B-00C04F79EFBC}") = "TradingStation.Contracts", "src\Core\TradingStation.Contracts\TradingStation.Contracts.csproj", "{4460B0B9-53F6-4728-A3EC-605765857B0D}"
EndProject
Project("{FAE04EC0-301F-11D3-BF4B-00C04F79EFBC}") = "TradingStation.Domain", "src\Core\TradingStation.Domain\TradingStation.Domain.csproj", "{85482F58-E9B3-4635-8D4F-75E5E2269E87}"
EndProject
Project("{FAE04EC0-301F-11D3-BF4B-00C04F79EFBC}") = "TradingStation.TradingEngine", "src\Core\TradingStation.TradingEngine\TradingStation.TradingEngine.csproj", "{D3FD432C-62B3-43E9-A2C0-E868A4467EE5}"
EndProject
Project("{2150E333-8FDC-42A3-9474-1A3956D46DE8}") = "Application", "Application", "{22BAF98C-8415-17C4-B26A-D537657BC863}"
EndProject
Project("{FAE04EC0-301F-11D3-BF4B-00C04F79EFBC}") = "TradingStation.Application", "src\Application\TradingStation.Application\TradingStation.Application.csproj", "{FC8C97FE-9D50-47D3-9DD7-004EFA5B9F9B}"
EndProject
Project("{FAE04EC0-301F-11D3-BF4B-00C04F79EFBC}") = "TradingStation.Backtesting", "src\Application\TradingStation.Backtesting\TradingStation.Backtesting.csproj", "{F03FFB7D-96C6-471F-B305-F46EEE736364}"
EndProject
Project("{2150E333-8FDC-42A3-9474-1A3956D46DE8}") = "Infrastructure", "Infrastructure", "{9048EB7F-3875-A59E-E36B-5BD4C6F2A282}"
EndProject
Project("{FAE04EC0-301F-11D3-BF4B-00C04F79EFBC}") = "TradingStation.Infrastructure", "src\Infrastructure\TradingStation.Infrastructure\TradingStation.Infrastructure.csproj", "{7D9B3304-19A6-4647-8967-7EACA5CF852D}"
EndProject
Project("{FAE04EC0-301F-11D3-BF4B-00C04F79EFBC}") = "TradingStation.Data.Backtesting", "src\Infrastructure\TradingStation.Data.Backtesting\TradingStation.Data.Backtesting.csproj", "{EAC93C5E-3517-42BF-AB9B-FB1525D039EB}"
EndProject
Project("{2150E333-8FDC-42A3-9474-1A3956D46DE8}") = "Presentation", "Presentation", "{6996BBF7-DB31-59BC-C7DD-9A7CCC6138C4}"
EndProject
Project("{FAE04EC0-301F-11D3-BF4B-00C04F79EFBC}") = "TradingStation.API", "src\Presentation\TradingStation.API\TradingStation.API.csproj", "{88EC7338-CD72-441A-8A8B-ABD6DF88C1E2}"
EndProject
Project("{2150E333-8FDC-42A3-9474-1A3956D46DE8}") = "tests", "tests", "{0AB3BF05-4346-4AA6-1389-037BE0695223}"
EndProject
Project("{FAE04EC0-301F-11D3-BF4B-00C04F79EFBC}") = "TradingStation.UnitTests", "tests\TradingStation.UnitTests\TradingStation.UnitTests.csproj", "{B0BDC83A-532C-4278-87B1-AFDF053CB273}"
EndProject
Project("{FAE04EC0-301F-11D3-BF4B-00C04F79EFBC}") = "TradingStation.TradingEngine.Tests", "tests\TradingStation.TradingEngine.Tests\TradingStation.TradingEngine.Tests.csproj", "{AD19A9C9-B487-4D52-9A80-72101193301D}"
EndProject
Global
	GlobalSection(SolutionConfigurationPlatforms) = preSolution
		Debug|Any CPU = Debug|Any CPU
		Debug|x64 = Debug|x64
		Debug|x86 = Debug|x86
		Release|Any CPU = Release|Any CPU
		Release|x64 = Release|x64
		Release|x86 = Release|x86
	EndGlobalSection
	GlobalSection(ProjectConfigurationPlatforms) = postSolution
		{4460B0B9-53F6-4728-A3EC-605765857B0D}.Debug|Any CPU.ActiveCfg = Debug|Any CPU
		{4460B0B9-53F6-4728-A3EC-605765857B0D}.Debug|Any CPU.Build.0 = Debug|Any CPU
		{4460B0B9-53F6-4728-A3EC-605765857B0D}.Debug|x64.ActiveCfg = Debug|Any CPU
		{4460B0B9-53F6-4728-A3EC-605765857B0D}.Debug|x64.Build.0 = Debug|Any CPU
		{4460B0B9-53F6-4728-A3EC-605765857B0D}.Debug|x86.ActiveCfg = Debug|Any CPU
		{4460B0B9-53F6-4728-A3EC-605765857B0D}.Debug|x86.Build.0 = Debug|Any CPU
		{4460B0B9-53F6-4728-A3EC-605765857B0D}.Release|Any CPU.ActiveCfg = Release|Any CPU
		{4460B0B9-53F6-4728-A3EC-605765857B0D}.Release|Any CPU.Build.0 = Release|Any CPU
		{4460B0B9-53F6-4728-A3EC-605765857B0D}.Release|x64.ActiveCfg = Release|Any CPU
		{4460B0B9-53F6-4728-A3EC-605765857B0D}.Release|x64.Build.0 = Release|Any CPU
		{4460B0B9-53F6-4728-A3EC-605765857B0D}.Release|x86.ActiveCfg = Release|Any CPU
		{4460B0B9-53F6-4728-A3EC-605765857B0D}.Release|x86.Build.0 = Release|Any CPU
		{85482F58-E9B3-4635-8D4F-75E5E2269E87}.Debug|Any CPU.ActiveCfg = Debug|Any CPU
		{85482F58-E9B3-4635-8D4F-75E5E2269E87}.Debug|Any CPU.Build.0 = Debug|Any CPU
		{85482F58-E9B3-4635-8D4F-75E5E2269E87}.Debug|x64.ActiveCfg = Debug|Any CPU
		{85482F58-E9B3-4635-8D4F-75E5E2269E87}.Debug|x64.Build.0 = Debug|Any CPU
		{85482F58-E9B3-4635-8D4F-75E5E2269E87}.Debug|x86.ActiveCfg = Debug|Any CPU
		{85482F58-E9B3-4635-8D4F-75E5E2269E87}.Debug|x86.Build.0 = Debug|Any CPU
		{85482F58-E9B3-4635-8D4F-75E5E2269E87}.Release|Any CPU.ActiveCfg = Release|Any CPU
		{85482F58-E9B3-4635-8D4F-75E5E2269E87}.Release|Any CPU.Build.0 = Release|Any CPU
		{85482F58-E9B3-4635-8D4F-75E5E2269E87}.Release|x64.ActiveCfg = Release|Any CPU
		{85482F58-E9B3-4635-8D4F-75E5E2269E87}.Release|x64.Build.0 = Release|Any CPU
		{85482F58-E9B3-4635-8D4F-75E5E2269E87}.Release|x86.ActiveCfg = Release|Any CPU
		{85482F58-E9B3-4635-8D4F-75E5E2269E87}.Release|x86.Build.0 = Release|Any CPU
		{D3FD432C-62B3-43E9-A2C0-E868A4467EE5}.Debug|Any CPU.ActiveCfg = Debug|Any CPU
		{D3FD432C-62B3-43E9-A2C0-E868A4467EE5}.Debug|Any CPU.Build.0 = Debug|Any CPU
		{D3FD432C-62B3-43E9-A2C0-E868A4467EE5}.Debug|x64.ActiveCfg = Debug|Any CPU
		{D3FD432C-62B3-43E9-A2C0-E868A4467EE5}.Debug|x64.Build.0 = Debug|Any CPU
		{D3FD432C-62B3-43E9-A2C0-E868A4467EE5}.Debug|x86.ActiveCfg = Debug|Any CPU
		{D3FD432C-62B3-43E9-A2C0-E868A4467EE5}.Debug|x86.Build.0 = Debug|Any CPU
		{D3FD432C-62B3-43E9-A2C0-E868A4467EE5}.Release|Any CPU.ActiveCfg = Release|Any CPU
		{D3FD432C-62B3-43E9-A2C0-E868A4467EE5}.Release|Any CPU.Build.0 = Release|Any CPU
		{D3FD432C-62B3-43E9-A2C0-E868A4467EE5}.Release|x64.ActiveCfg = Release|Any CPU
		{D3FD432C-62B3-43E9-A2C0-E868A4467EE5}.Release|x64.Build.0 = Release|Any CPU
		{D3FD432C-62B3-43E9-A2C0-E868A4467EE5}.Release|x86.ActiveCfg = Release|Any CPU
		{D3FD432C-62B3-43E9-A2C0-E868A4467EE5}.Release|x86.Build.0 = Release|Any CPU
		{FC8C97FE-9D50-47D3-9DD7-004EFA5B9F9B}.Debug|Any CPU.ActiveCfg = Debug|Any CPU
		{FC8C97FE-9D50-47D3-9DD7-004EFA5B9F9B}.Debug|Any CPU.Build.0 = Debug|Any CPU
		{FC8C97FE-9D50-47D3-9DD7-004EFA5B9F9B}.Debug|x64.ActiveCfg = Debug|Any CPU
		{FC8C97FE-9D50-47D3-9DD7-004EFA5B9F9B}.Debug|x64.Build.0 = Debug|Any CPU
		{FC8C97FE-9D50-47D3-9DD7-004EFA5B9F9B}.Debug|x86.ActiveCfg = Debug|Any CPU
		{FC8C97FE-9D50-47D3-9DD7-004EFA5B9F9B}.Debug|x86.Build.0 = Debug|Any CPU
		{FC8C97FE-9D50-47D3-9DD7-004EFA5B9F9B}.Release|Any CPU.ActiveCfg = Release|Any CPU
		{FC8C97FE-9D50-47D3-9DD7-004EFA5B9F9B}.Release|Any CPU.Build.0 = Release|Any CPU
		{FC8C97FE-9D50-47D3-9DD7-004EFA5B9F9B}.Release|x64.ActiveCfg = Release|Any CPU
		{FC8C97FE-9D50-47D3-9DD7-004EFA5B9F9B}.Release|x64.Build.0 = Release|Any CPU
		{FC8C97FE-9D50-47D3-9DD7-004EFA5B9F9B}.Release|x86.ActiveCfg = Release|Any CPU
		{FC8C97FE-9D50-47D3-9DD7-004EFA5B9F9B}.Release|x86.Build.0 = Release|Any CPU
		{F03FFB7D-96C6-471F-B305-F46EEE736364}.Debug|Any CPU.ActiveCfg = Debug|Any CPU
		{F03FFB7D-96C6-471F-B305-F46EEE736364}.Debug|Any CPU.Build.0 = Debug|Any CPU
		{F03FFB7D-96C6-471F-B305-F46EEE736364}.Debug|x64.ActiveCfg = Debug|Any CPU
		{F03FFB7D-96C6-471F-B305-F46EEE736364}.Debug|x64.Build.0 = Debug|Any CPU
		{F03FFB7D-96C6-471F-B305-F46EEE736364}.Debug|x86.ActiveCfg = Debug|Any CPU
		{F03FFB7D-96C6-471F-B305-F46EEE736364}.Debug|x86.Build.0 = Debug|Any CPU
		{F03FFB7D-96C6-471F-B305-F46EEE736364}.Release|Any CPU.ActiveCfg = Release|Any CPU
		{F03FFB7D-96C6-471F-B305-F46EEE736364}.Release|Any CPU.Build.0 = Release|Any CPU
		{F03FFB7D-96C6-471F-B305-F46EEE736364}.Release|x64.ActiveCfg = Release|Any CPU
		{F03FFB7D-96C6-471F-B305-F46EEE736364}.Release|x64.Build.0 = Release|Any CPU
		{F03FFB7D-96C6-471F-B305-F46EEE736364}.Release|x86.ActiveCfg = Release|Any CPU
		{F03FFB7D-96C6-471F-B305-F46EEE736364}.Release|x86.Build.0 = Release|Any CPU
		{7D9B3304-19A6-4647-8967-7EACA5CF852D}.Debug|Any CPU.ActiveCfg = Debug|Any CPU
		{7D9B3304-19A6-4647-8967-7EACA5CF852D}.Debug|Any CPU.Build.0 = Debug|Any CPU
		{7D9B3304-19A6-4647-8967-7EACA5CF852D}.Debug|x64.ActiveCfg = Debug|Any CPU
		{7D9B3304-19A6-4647-8967-7EACA5CF852D}.Debug|x64.Build.0 = Debug|Any CPU
		{7D9B3304-19A6-4647-8967-7EACA5CF852D}.Debug|x86.ActiveCfg = Debug|Any CPU
		{7D9B3304-19A6-4647-8967-7EACA5CF852D}.Debug|x86.Build.0 = Debug|Any CPU
		{7D9B3304-19A6-4647-8967-7EACA5CF852D}.Release|Any CPU.ActiveCfg = Release|Any CPU
		{7D9B3304-19A6-4647-8967-7EACA5CF852D}.Release|Any CPU.Build.0 = Release|Any CPU
		{7D9B3304-19A6-4647-8967-7EACA5CF852D}.Release|x64.ActiveCfg = Release|Any CPU
		{7D9B3304-19A6-4647-8967-7EACA5CF852D}.Release|x64.Build.0 = Release|Any CPU
		{7D9B3304-19A6-4647-8967-7EACA5CF852D}.Release|x86.ActiveCfg = Release|Any CPU
		{7D9B3304-19A6-4647-8967-7EACA5CF852D}.Release|x86.Build.0 = Release|Any CPU
		{EAC93C5E-3517-42BF-AB9B-FB1525D039EB}.Debug|Any CPU.ActiveCfg = Debug|Any CPU
		{EAC93C5E-3517-42BF-AB9B-FB1525D039EB}.Debug|Any CPU.Build.0 = Debug|Any CPU
		{EAC93C5E-3517-42BF-AB9B-FB1525D039EB}.Debug|x64.ActiveCfg = Debug|Any CPU
		{EAC93C5E-3517-42BF-AB9B-FB1525D039EB}.Debug|x64.Build.0 = Debug|Any CPU
		{EAC93C5E-3517-42BF-AB9B-FB1525D039EB}.Debug|x86.ActiveCfg = Debug|Any CPU
		{EAC93C5E-3517-42BF-AB9B-FB1525D039EB}.Debug|x86.Build.0 = Debug|Any CPU
		{EAC93C5E-3517-42BF-AB9B-FB1525D039EB}.Release|Any CPU.ActiveCfg = Release|Any CPU
		{EAC93C5E-3517-42BF-AB9B-FB1525D039EB}.Release|Any CPU.Build.0 = Release|Any CPU
		{EAC93C5E-3517-42BF-AB9B-FB1525D039EB}.Release|x64.ActiveCfg = Release|Any CPU
		{EAC93C5E-3517-42BF-AB9B-FB1525D039EB}.Release|x64.Build.0 = Release|Any CPU
		{EAC93C5E-3517-42BF-AB9B-FB1525D039EB}.Release|x86.ActiveCfg = Release|Any CPU
		{EAC93C5E-3517-42BF-AB9B-FB1525D039EB}.Release|x86.Build.0 = Release|Any CPU
		{88EC7338-CD72-441A-8A8B-ABD6DF88C1E2}.Debug|Any CPU.ActiveCfg = Debug|Any CPU
		{88EC7338-CD72-441A-8A8B-ABD6DF88C1E2}.Debug|Any CPU.Build.0 = Debug|Any CPU
		{88EC7338-CD72-441A-8A8B-ABD6DF88C1E2}.Debug|x64.ActiveCfg = Debug|Any CPU
		{88EC7338-CD72-441A-8A8B-ABD6DF88C1E2}.Debug|x64.Build.0 = Debug|Any CPU
		{88EC7338-CD72-441A-8A8B-ABD6DF88C1E2}.Debug|x86.ActiveCfg = Debug|Any CPU
		{88EC7338-CD72-441A-8A8B-ABD6DF88C1E2}.Debug|x86.Build.0 = Debug|Any CPU
		{88EC7338-CD72-441A-8A8B-ABD6DF88C1E2}.Release|Any CPU.ActiveCfg = Release|Any CPU
		{88EC7338-CD72-441A-8A8B-ABD6DF88C1E2}.Release|Any CPU.Build.0 = Release|Any CPU
		{88EC7338-CD72-441A-8A8B-ABD6DF88C1E2}.Release|x64.ActiveCfg = Release|Any CPU
		{88EC7338-CD72-441A-8A8B-ABD6DF88C1E2}.Release|x64.Build.0 = Release|Any CPU
		{88EC7338-CD72-441A-8A8B-ABD6DF88C1E2}.Release|x86.ActiveCfg = Release|Any CPU
		{88EC7338-CD72-441A-8A8B-ABD6DF88C1E2}.Release|x86.Build.0 = Release|Any CPU
		{B0BDC83A-532C-4278-87B1-AFDF053CB273}.Debug|Any CPU.ActiveCfg = Debug|Any CPU
		{B0BDC83A-532C-4278-87B1-AFDF053CB273}.Debug|Any CPU.Build.0 = Debug|Any CPU
		{B0BDC83A-532C-4278-87B1-AFDF053CB273}.Debug|x64.ActiveCfg = Debug|Any CPU
		{B0BDC83A-532C-4278-87B1-AFDF053CB273}.Debug|x64.Build.0 = Debug|Any CPU
		{B0BDC83A-532C-4278-87B1-AFDF053CB273}.Debug|x86.ActiveCfg = Debug|Any CPU
		{B0BDC83A-532C-4278-87B1-AFDF053CB273}.Debug|x86.Build.0 = Debug|Any CPU
		{B0BDC83A-532C-4278-87B1-AFDF053CB273}.Release|Any CPU.ActiveCfg = Release|Any CPU
		{B0BDC83A-532C-4278-87B1-AFDF053CB273}.Release|Any CPU.Build.0 = Release|Any CPU
		{B0BDC83A-532C-4278-87B1-AFDF053CB273}.Release|x64.ActiveCfg = Release|Any CPU
		{B0BDC83A-532C-4278-87B1-AFDF053CB273}.Release|x64.Build.0 = Release|Any CPU
		{B0BDC83A-532C-4278-87B1-AFDF053CB273}.Release|x86.ActiveCfg = Release|Any CPU
		{B0BDC83A-532C-4278-87B1-AFDF053CB273}.Release|x86.Build.0 = Release|Any CPU
		{AD19A9C9-B487-4D52-9A80-72101193301D}.Debug|Any CPU.ActiveCfg = Debug|Any CPU
		{AD19A9C9-B487-4D52-9A80-72101193301D}.Debug|Any CPU.Build.0 = Debug|Any CPU
		{AD19A9C9-B487-4D52-9A80-72101193301D}.Debug|x64.ActiveCfg = Debug|Any CPU
		{AD19A9C9-B487-4D52-9A80-72101193301D}.Debug|x64.Build.0 = Debug|Any CPU
		{AD19A9C9-B487-4D52-9A80-72101193301D}.Debug|x86.ActiveCfg = Debug|Any CPU
		{AD19A9C9-B487-4D52-9A80-72101193301D}.Debug|x86.Build.0 = Debug|Any CPU
		{AD19A9C9-B487-4D52-9A80-72101193301D}.Release|Any CPU.ActiveCfg = Release|Any CPU
		{AD19A9C9-B487-4D52-9A80-72101193301D}.Release|Any CPU.Build.0 = Release|Any CPU
		{AD19A9C9-B487-4D52-9A80-72101193301D}.Release|x64.ActiveCfg = Release|Any CPU
		{AD19A9C9-B487-4D52-9A80-72101193301D}.Release|x64.Build.0 = Release|Any CPU
		{AD19A9C9-B487-4D52-9A80-72101193301D}.Release|x86.ActiveCfg = Release|Any CPU
		{AD19A9C9-B487-4D52-9A80-72101193301D}.Release|x86.Build.0 = Release|Any CPU
	EndGlobalSection
	GlobalSection(SolutionProperties) = preSolution
		HideSolutionNode = FALSE
	EndGlobalSection
	GlobalSection(NestedProjects) = preSolution
		{8D626EA8-CB54-BC41-363A-217881BEBA6E} = {827E0CD3-B72D-47B6-A68D-7590B98EB39B}
		{4460B0B9-53F6-4728-A3EC-605765857B0D} = {8D626EA8-CB54-BC41-363A-217881BEBA6E}
		{85482F58-E9B3-4635-8D4F-75E5E2269E87} = {8D626EA8-CB54-BC41-363A-217881BEBA6E}
		{D3FD432C-62B3-43E9-A2C0-E868A4467EE5} = {8D626EA8-CB54-BC41-363A-217881BEBA6E}
		{22BAF98C-8415-17C4-B26A-D537657BC863} = {827E0CD3-B72D-47B6-A68D-7590B98EB39B}
		{FC8C97FE-9D50-47D3-9DD7-004EFA5B9F9B} = {22BAF98C-8415-17C4-B26A-D537657BC863}
		{F03FFB7D-96C6-471F-B305-F46EEE736364} = {22BAF98C-8415-17C4-B26A-D537657BC863}
		{9048EB7F-3875-A59E-E36B-5BD4C6F2A282} = {827E0CD3-B72D-47B6-A68D-7590B98EB39B}
		{7D9B3304-19A6-4647-8967-7EACA5CF852D} = {9048EB7F-3875-A59E-E36B-5BD4C6F2A282}
		{EAC93C5E-3517-42BF-AB9B-FB1525D039EB} = {9048EB7F-3875-A59E-E36B-5BD4C6F2A282}
		{6996BBF7-DB31-59BC-C7DD-9A7CCC6138C4} = {827E0CD3-B72D-47B6-A68D-7590B98EB39B}
		{88EC7338-CD72-441A-8A8B-ABD6DF88C1E2} = {6996BBF7-DB31-59BC-C7DD-9A7CCC6138C4}
		{B0BDC83A-532C-4278-87B1-AFDF053CB273} = {0AB3BF05-4346-4AA6-1389-037BE0695223}
		{AD19A9C9-B487-4D52-9A80-72101193301D} = {0AB3BF05-4346-4AA6-1389-037BE0695223}
	EndGlobalSection
EndGlobal
